
Microsoft Visual Studio Solution File, Format Version 12.00
# Visual Studio Version 17
VisualStudioVersion = 17.0.32014.148
MinimumVisualStudioVersion = 10.0.40219.1
Project("{FAE04EC0-301F-11D3-BF4B-00C04F79EFBC}") = "AM", "AM\AM.csproj", "{125557C6-354D-4BF6-B3E7-AE4B137822B8}"
EndProject
Global
	GlobalSection(SolutionConfigurationPlatforms) = preSolution
		Debug|Any CPU = Debug|Any CPU
		Release|Any CPU = Release|Any CPU
	EndGlobalSection
	GlobalSection(ProjectConfigurationPlatforms) = postSolution
		{125557C6-354D-4BF6-B3E7-AE4B137822B8}.Debug|Any CPU.ActiveCfg = Debug|Any CPU
		{125557C6-354D-4BF6-B3E7-AE4B137822B8}.Debug|Any CPU.Build.0 = Debug|Any CPU
		{125557C6-354D-4BF6-B3E7-AE4B137822B8}.Release|Any CPU.ActiveCfg = Release|Any CPU
		{125557C6-354D-4BF6-B3E7-AE4B137822B8}.Release|Any CPU.Build.0 = Release|Any CPU
	EndGlobalSection
	GlobalSection(SolutionProperties) = preSolution
		HideSolutionNode = FALSE
	EndGlobalSection
	GlobalSection(ExtensibilityGlobals) = postSolution
		SolutionGuid = {37B2D23C-3F49-4C06-AFF7-4D43F50A555C}
	EndGlobalSection
EndGlobal
